
Microsoft Visual Studio Solution File, Format Version 12.00
# Visual Studio Version 17
Project("{2150E333-8FDC-42A3-9474-1A3956D46DE8}") = "HostingExamples", "HostingExamples", "{0FBD5362-2719-38BE-A852-AC51549E59C0}"
EndProject
Project("{2150E333-8FDC-42A3-9474-1A3956D46DE8}") = "Libraries", "Libraries", "{8D7AEF29-B7A6-320B-8EFD-3C126E159D1D}"
EndProject
Project("{2150E333-8FDC-42A3-9474-1A3956D46DE8}") = "PlugInExamples", "PlugInExamples", "{536C2BB8-962D-3ED2-A23F-64F99866702F}"
EndProject
Project("{2150E333-8FDC-42A3-9474-1A3956D46DE8}") = "Predefined", "Predefined", "{AC8284A8-3544-3D47-91EC-1C2FDB58E86E}"
EndProject
Project("{2150E333-8FDC-42A3-9474-1A3956D46DE8}") = "Utilities", "Utilities", "{F11F0EAF-1041-32C7-85A8-D0F0BC073A93}"
EndProject
Project("{8BC9CEB8-8B4A-11D0-8D11-00A0C91BC942}") = "TismSynth", "TismSynth.vcxproj", "{196AA884-CC9C-36D6-AA30-153747AB7F3F}"
	ProjectSection(ProjectDependencies) = postProject
		{1CD699F4-AC1F-303B-AD44-8D281DD6D7D7} = {1CD699F4-AC1F-303B-AD44-8D281DD6D7D7}
		{E126AE82-6A99-3588-A635-A016C865D328} = {E126AE82-6A99-3588-A635-A016C865D328}
		{EDCF42D5-095D-3527-A4BC-C79B327986C1} = {EDCF42D5-095D-3527-A4BC-C79B327986C1}
		{A3D9BA6A-8CFC-36B9-888F-004DE8868E75} = {A3D9BA6A-8CFC-36B9-888F-004DE8868E75}
		{8DE1C612-26CA-3DB0-BD85-B9D08518EDCB} = {8DE1C612-26CA-3DB0-BD85-B9D08518EDCB}
		{1AFE722E-1498-3FAE-9EC8-3D35E7A09F0D} = {1AFE722E-1498-3FAE-9EC8-3D35E7A09F0D}
		{7D6F08A3-10BE-3608-93BE-DB547044D1C0} = {7D6F08A3-10BE-3608-93BE-DB547044D1C0}
		{2A5CDAA1-274D-360E-A65C-8C5B917D1C83} = {2A5CDAA1-274D-360E-A65C-8C5B917D1C83}
		{D80134E3-C87B-392D-B742-08FDA9371CCA} = {D80134E3-C87B-392D-B742-08FDA9371CCA}
		{8937A30E-D851-358E-9DCB-35449CA3368D} = {8937A30E-D851-358E-9DCB-35449CA3368D}
	EndProjectSection
EndProject
Project("{8BC9CEB8-8B4A-11D0-8D11-00A0C91BC942}") = "ALL_BUILD", "ALL_BUILD.vcxproj", "{23476A89-C02D-3025-9931-6935B728F2AF}"
	ProjectSection(ProjectDependencies) = postProject
		{196AA884-CC9C-36D6-AA30-153747AB7F3F} = {196AA884-CC9C-36D6-AA30-153747AB7F3F}
		{655798BD-7265-3AEC-AE79-82F04BE237D6} = {655798BD-7265-3AEC-AE79-82F04BE237D6}
		{1CD699F4-AC1F-303B-AD44-8D281DD6D7D7} = {1CD699F4-AC1F-303B-AD44-8D281DD6D7D7}
		{8FEFBC49-D0E8-37E0-A75D-DE32008C5E30} = {8FEFBC49-D0E8-37E0-A75D-DE32008C5E30}
		{D6BFEE9C-F710-3A1D-B584-6D9267C3AFEB} = {D6BFEE9C-F710-3A1D-B584-6D9267C3AFEB}
		{FA6A2B61-0A0B-35C4-A239-CD4DBEC8CF08} = {FA6A2B61-0A0B-35C4-A239-CD4DBEC8CF08}
		{27F3513E-727A-3EF6-B594-324F39E58D13} = {27F3513E-727A-3EF6-B594-324F39E58D13}
		{E126AE82-6A99-3588-A635-A016C865D328} = {E126AE82-6A99-3588-A635-A016C865D328}
		{E8592899-ADA3-354A-B26C-DFBDABA97D96} = {E8592899-ADA3-354A-B26C-DFBDABA97D96}
		{A0C70A99-8310-354C-8833-7C9CB065DB56} = {A0C70A99-8310-354C-8833-7C9CB065DB56}
		{251C3B05-5A7B-3E0B-BC3B-15835286CE29} = {251C3B05-5A7B-3E0B-BC3B-15835286CE29}
		{8FB5D592-CF12-37BB-9A62-BE3D62CE71FF} = {8FB5D592-CF12-37BB-9A62-BE3D62CE71FF}
		{0EFE18C3-891A-34F6-B0AA-8DAC3AEBAC26} = {0EFE18C3-891A-34F6-B0AA-8DAC3AEBAC26}
		{C28DA2FD-E1B8-3031-8899-573D367B12D3} = {C28DA2FD-E1B8-3031-8899-573D367B12D3}
		{EDCF42D5-095D-3527-A4BC-C79B327986C1} = {EDCF42D5-095D-3527-A4BC-C79B327986C1}
		{D3DA369F-A28F-35DB-B574-E9526CD950CB} = {D3DA369F-A28F-35DB-B574-E9526CD950CB}
		{ADA13264-62A4-3B79-8CEF-B49965B6C2E8} = {ADA13264-62A4-3B79-8CEF-B49965B6C2E8}
		{34750AB4-5A35-35FC-A913-730C0DEBA327} = {34750AB4-5A35-35FC-A913-730C0DEBA327}
		{C1A3FAEA-4883-3E4E-A9B2-EBE0CDD04837} = {C1A3FAEA-4883-3E4E-A9B2-EBE0CDD04837}
		{811C2696-0BA7-30E9-B60E-BA55A08C3769} = {811C2696-0BA7-30E9-B60E-BA55A08C3769}
		{A3D9BA6A-8CFC-36B9-888F-004DE8868E75} = {A3D9BA6A-8CFC-36B9-888F-004DE8868E75}
		{4A42CE4D-A9F6-3707-8BB8-5714F49196CA} = {4A42CE4D-A9F6-3707-8BB8-5714F49196CA}
		{67B0F7AD-AC49-3F4E-B317-A399E77B9DF2} = {67B0F7AD-AC49-3F4E-B317-A399E77B9DF2}
		{8DE1C612-26CA-3DB0-BD85-B9D08518EDCB} = {8DE1C612-26CA-3DB0-BD85-B9D08518EDCB}
		{1AFE722E-1498-3FAE-9EC8-3D35E7A09F0D} = {1AFE722E-1498-3FAE-9EC8-3D35E7A09F0D}
		{5CFABF29-6513-3A11-98F1-E3D19446E8B2} = {5CFABF29-6513-3A11-98F1-E3D19446E8B2}
		{B1A39CE8-F0C2-3C7F-A2A9-7501C8DD2374} = {B1A39CE8-F0C2-3C7F-A2A9-7501C8DD2374}
		{7D6F08A3-10BE-3608-93BE-DB547044D1C0} = {7D6F08A3-10BE-3608-93BE-DB547044D1C0}
		{2A5CDAA1-274D-360E-A65C-8C5B917D1C83} = {2A5CDAA1-274D-360E-A65C-8C5B917D1C83}
		{6D70B017-CB50-3F0C-A9FA-7089FAEC9BB4} = {6D70B017-CB50-3F0C-A9FA-7089FAEC9BB4}
		{D80134E3-C87B-392D-B742-08FDA9371CCA} = {D80134E3-C87B-392D-B742-08FDA9371CCA}
		{8937A30E-D851-358E-9DCB-35449CA3368D} = {8937A30E-D851-358E-9DCB-35449CA3368D}
	EndProjectSection
EndProject
Project("{8BC9CEB8-8B4A-11D0-8D11-00A0C91BC942}") = "VST3Inspector", "vst3sdk\public.sdk\samples\vst-hosting\inspectorapp\VST3Inspector.vcxproj", "{655798BD-7265-3AEC-AE79-82F04BE237D6}"
	ProjectSection(ProjectDependencies) = postProject
		{1CD699F4-AC1F-303B-AD44-8D281DD6D7D7} = {1CD699F4-AC1F-303B-AD44-8D281DD6D7D7}
		{2A5CDAA1-274D-360E-A65C-8C5B917D1C83} = {2A5CDAA1-274D-360E-A65C-8C5B917D1C83}
		{6D70B017-CB50-3F0C-A9FA-7089FAEC9BB4} = {6D70B017-CB50-3F0C-A9FA-7089FAEC9BB4}
		{8937A30E-D851-358E-9DCB-35449CA3368D} = {8937A30E-D851-358E-9DCB-35449CA3368D}
	EndProjectSection
EndProject
Project("{8BC9CEB8-8B4A-11D0-8D11-00A0C91BC942}") = "ZERO_CHECK", "ZERO_CHECK.vcxproj", "{1CD699F4-AC1F-303B-AD44-8D281DD6D7D7}"
	ProjectSection(ProjectDependencies) = postProject
	EndProjectSection
EndProject
Project("{8BC9CEB8-8B4A-11D0-8D11-00A0C91BC942}") = "adelay", "vst3sdk\public.sdk\samples\vst\adelay\adelay.vcxproj", "{8FEFBC49-D0E8-37E0-A75D-DE32008C5E30}"
	ProjectSection(ProjectDependencies) = postProject
		{1CD699F4-AC1F-303B-AD44-8D281DD6D7D7} = {1CD699F4-AC1F-303B-AD44-8D281DD6D7D7}
		{E126AE82-6A99-3588-A635-A016C865D328} = {E126AE82-6A99-3588-A635-A016C865D328}
		{EDCF42D5-095D-3527-A4BC-C79B327986C1} = {EDCF42D5-095D-3527-A4BC-C79B327986C1}
		{A3D9BA6A-8CFC-36B9-888F-004DE8868E75} = {A3D9BA6A-8CFC-36B9-888F-004DE8868E75}
		{8DE1C612-26CA-3DB0-BD85-B9D08518EDCB} = {8DE1C612-26CA-3DB0-BD85-B9D08518EDCB}
		{1AFE722E-1498-3FAE-9EC8-3D35E7A09F0D} = {1AFE722E-1498-3FAE-9EC8-3D35E7A09F0D}
		{7D6F08A3-10BE-3608-93BE-DB547044D1C0} = {7D6F08A3-10BE-3608-93BE-DB547044D1C0}
	EndProjectSection
EndProject
Project("{8BC9CEB8-8B4A-11D0-8D11-00A0C91BC942}") = "again", "vst3sdk\public.sdk\samples\vst\again\again.vcxproj", "{D6BFEE9C-F710-3A1D-B584-6D9267C3AFEB}"
	ProjectSection(ProjectDependencies) = postProject
		{1CD699F4-AC1F-303B-AD44-8D281DD6D7D7} = {1CD699F4-AC1F-303B-AD44-8D281DD6D7D7}
		{E126AE82-6A99-3588-A635-A016C865D328} = {E126AE82-6A99-3588-A635-A016C865D328}
		{EDCF42D5-095D-3527-A4BC-C79B327986C1} = {EDCF42D5-095D-3527-A4BC-C79B327986C1}
		{A3D9BA6A-8CFC-36B9-888F-004DE8868E75} = {A3D9BA6A-8CFC-36B9-888F-004DE8868E75}
		{8DE1C612-26CA-3DB0-BD85-B9D08518EDCB} = {8DE1C612-26CA-3DB0-BD85-B9D08518EDCB}
		{1AFE722E-1498-3FAE-9EC8-3D35E7A09F0D} = {1AFE722E-1498-3FAE-9EC8-3D35E7A09F0D}
		{7D6F08A3-10BE-3608-93BE-DB547044D1C0} = {7D6F08A3-10BE-3608-93BE-DB547044D1C0}
		{2A5CDAA1-274D-360E-A65C-8C5B917D1C83} = {2A5CDAA1-274D-360E-A65C-8C5B917D1C83}
		{D80134E3-C87B-392D-B742-08FDA9371CCA} = {D80134E3-C87B-392D-B742-08FDA9371CCA}
		{8937A30E-D851-358E-9DCB-35449CA3368D} = {8937A30E-D851-358E-9DCB-35449CA3368D}
	EndProjectSection
EndProject
Project("{8BC9CEB8-8B4A-11D0-8D11-00A0C91BC942}") = "again-sampleaccurate", "vst3sdk\public.sdk\samples\vst\again_sampleaccurate\again-sampleaccurate.vcxproj", "{FA6A2B61-0A0B-35C4-A239-CD4DBEC8CF08}"
	ProjectSection(ProjectDependencies) = postProject
		{1CD699F4-AC1F-303B-AD44-8D281DD6D7D7} = {1CD699F4-AC1F-303B-AD44-8D281DD6D7D7}
		{E126AE82-6A99-3588-A635-A016C865D328} = {E126AE82-6A99-3588-A635-A016C865D328}
		{EDCF42D5-095D-3527-A4BC-C79B327986C1} = {EDCF42D5-095D-3527-A4BC-C79B327986C1}
		{A3D9BA6A-8CFC-36B9-888F-004DE8868E75} = {A3D9BA6A-8CFC-36B9-888F-004DE8868E75}
		{8DE1C612-26CA-3DB0-BD85-B9D08518EDCB} = {8DE1C612-26CA-3DB0-BD85-B9D08518EDCB}
		{1AFE722E-1498-3FAE-9EC8-3D35E7A09F0D} = {1AFE722E-1498-3FAE-9EC8-3D35E7A09F0D}
		{5CFABF29-6513-3A11-98F1-E3D19446E8B2} = {5CFABF29-6513-3A11-98F1-E3D19446E8B2}
		{7D6F08A3-10BE-3608-93BE-DB547044D1C0} = {7D6F08A3-10BE-3608-93BE-DB547044D1C0}
	EndProjectSection
EndProject
Project("{8BC9CEB8-8B4A-11D0-8D11-00A0C91BC942}") = "againsimple", "vst3sdk\public.sdk\samples\vst\again\againsimple.vcxproj", "{27F3513E-727A-3EF6-B594-324F39E58D13}"
	ProjectSection(ProjectDependencies) = postProject
		{1CD699F4-AC1F-303B-AD44-8D281DD6D7D7} = {1CD699F4-AC1F-303B-AD44-8D281DD6D7D7}
		{E126AE82-6A99-3588-A635-A016C865D328} = {E126AE82-6A99-3588-A635-A016C865D328}
		{EDCF42D5-095D-3527-A4BC-C79B327986C1} = {EDCF42D5-095D-3527-A4BC-C79B327986C1}
		{A3D9BA6A-8CFC-36B9-888F-004DE8868E75} = {A3D9BA6A-8CFC-36B9-888F-004DE8868E75}
		{8DE1C612-26CA-3DB0-BD85-B9D08518EDCB} = {8DE1C612-26CA-3DB0-BD85-B9D08518EDCB}
		{1AFE722E-1498-3FAE-9EC8-3D35E7A09F0D} = {1AFE722E-1498-3FAE-9EC8-3D35E7A09F0D}
		{7D6F08A3-10BE-3608-93BE-DB547044D1C0} = {7D6F08A3-10BE-3608-93BE-DB547044D1C0}
		{2A5CDAA1-274D-360E-A65C-8C5B917D1C83} = {2A5CDAA1-274D-360E-A65C-8C5B917D1C83}
		{D80134E3-C87B-392D-B742-08FDA9371CCA} = {D80134E3-C87B-392D-B742-08FDA9371CCA}
		{8937A30E-D851-358E-9DCB-35449CA3368D} = {8937A30E-D851-358E-9DCB-35449CA3368D}
	EndProjectSection
EndProject
Project("{8BC9CEB8-8B4A-11D0-8D11-00A0C91BC942}") = "base", "vst3sdk\base\base.vcxproj", "{E126AE82-6A99-3588-A635-A016C865D328}"
	ProjectSection(ProjectDependencies) = postProject
		{1CD699F4-AC1F-303B-AD44-8D281DD6D7D7} = {1CD699F4-AC1F-303B-AD44-8D281DD6D7D7}
	EndProjectSection
EndProject
Project("{8BC9CEB8-8B4A-11D0-8D11-00A0C91BC942}") = "channelcontext", "vst3sdk\public.sdk\samples\vst\channelcontext\channelcontext.vcxproj", "{E8592899-ADA3-354A-B26C-DFBDABA97D96}"
	ProjectSection(ProjectDependencies) = postProject
		{1CD699F4-AC1F-303B-AD44-8D281DD6D7D7} = {1CD699F4-AC1F-303B-AD44-8D281DD6D7D7}
		{E126AE82-6A99-3588-A635-A016C865D328} = {E126AE82-6A99-3588-A635-A016C865D328}
		{EDCF42D5-095D-3527-A4BC-C79B327986C1} = {EDCF42D5-095D-3527-A4BC-C79B327986C1}
		{A3D9BA6A-8CFC-36B9-888F-004DE8868E75} = {A3D9BA6A-8CFC-36B9-888F-004DE8868E75}
		{8DE1C612-26CA-3DB0-BD85-B9D08518EDCB} = {8DE1C612-26CA-3DB0-BD85-B9D08518EDCB}
		{1AFE722E-1498-3FAE-9EC8-3D35E7A09F0D} = {1AFE722E-1498-3FAE-9EC8-3D35E7A09F0D}
		{7D6F08A3-10BE-3608-93BE-DB547044D1C0} = {7D6F08A3-10BE-3608-93BE-DB547044D1C0}
	EndProjectSection
EndProject
Project("{8BC9CEB8-8B4A-11D0-8D11-00A0C91BC942}") = "cmake_VST_modules", "vst3sdk\cmake_VST_modules.vcxproj", "{E000A897-FB57-303E-B56B-CE30A5CE452A}"
	ProjectSection(ProjectDependencies) = postProject
		{1CD699F4-AC1F-303B-AD44-8D281DD6D7D7} = {1CD699F4-AC1F-303B-AD44-8D281DD6D7D7}
	EndProjectSection
EndProject
Project("{8BC9CEB8-8B4A-11D0-8D11-00A0C91BC942}") = "cmake_modules", "vst3sdk\cmake_modules.vcxproj", "{0C6BDA0F-9546-374C-811C-C2BA3A8127B9}"
	ProjectSection(ProjectDependencies) = postProject
		{1CD699F4-AC1F-303B-AD44-8D281DD6D7D7} = {1CD699F4-AC1F-303B-AD44-8D281DD6D7D7}
	EndProjectSection
EndProject
Project("{8BC9CEB8-8B4A-11D0-8D11-00A0C91BC942}") = "dataexchange", "vst3sdk\public.sdk\samples\vst\dataexchange\dataexchange.vcxproj", "{A0C70A99-8310-354C-8833-7C9CB065DB56}"
	ProjectSection(ProjectDependencies) = postProject
		{1CD699F4-AC1F-303B-AD44-8D281DD6D7D7} = {1CD699F4-AC1F-303B-AD44-8D281DD6D7D7}
		{E126AE82-6A99-3588-A635-A016C865D328} = {E126AE82-6A99-3588-A635-A016C865D328}
		{EDCF42D5-095D-3527-A4BC-C79B327986C1} = {EDCF42D5-095D-3527-A4BC-C79B327986C1}
		{A3D9BA6A-8CFC-36B9-888F-004DE8868E75} = {A3D9BA6A-8CFC-36B9-888F-004DE8868E75}
		{8DE1C612-26CA-3DB0-BD85-B9D08518EDCB} = {8DE1C612-26CA-3DB0-BD85-B9D08518EDCB}
		{1AFE722E-1498-3FAE-9EC8-3D35E7A09F0D} = {1AFE722E-1498-3FAE-9EC8-3D35E7A09F0D}
		{7D6F08A3-10BE-3608-93BE-DB547044D1C0} = {7D6F08A3-10BE-3608-93BE-DB547044D1C0}
		{2A5CDAA1-274D-360E-A65C-8C5B917D1C83} = {2A5CDAA1-274D-360E-A65C-8C5B917D1C83}
		{D80134E3-C87B-392D-B742-08FDA9371CCA} = {D80134E3-C87B-392D-B742-08FDA9371CCA}
		{8937A30E-D851-358E-9DCB-35449CA3368D} = {8937A30E-D851-358E-9DCB-35449CA3368D}
	EndProjectSection
EndProject
Project("{8BC9CEB8-8B4A-11D0-8D11-00A0C91BC942}") = "editorhost", "vst3sdk\public.sdk\samples\vst-hosting\editorhost\editorhost.vcxproj", "{251C3B05-5A7B-3E0B-BC3B-15835286CE29}"
	ProjectSection(ProjectDependencies) = postProject
		{1CD699F4-AC1F-303B-AD44-8D281DD6D7D7} = {1CD699F4-AC1F-303B-AD44-8D281DD6D7D7}
		{E126AE82-6A99-3588-A635-A016C865D328} = {E126AE82-6A99-3588-A635-A016C865D328}
		{A3D9BA6A-8CFC-36B9-888F-004DE8868E75} = {A3D9BA6A-8CFC-36B9-888F-004DE8868E75}
		{1AFE722E-1498-3FAE-9EC8-3D35E7A09F0D} = {1AFE722E-1498-3FAE-9EC8-3D35E7A09F0D}
		{5CFABF29-6513-3A11-98F1-E3D19446E8B2} = {5CFABF29-6513-3A11-98F1-E3D19446E8B2}
	EndProjectSection
EndProject
Project("{8BC9CEB8-8B4A-11D0-8D11-00A0C91BC942}") = "hostchecker", "vst3sdk\public.sdk\samples\vst\hostchecker\hostchecker.vcxproj", "{8FB5D592-CF12-37BB-9A62-BE3D62CE71FF}"
	ProjectSection(ProjectDependencies) = postProject
		{1CD699F4-AC1F-303B-AD44-8D281DD6D7D7} = {1CD699F4-AC1F-303B-AD44-8D281DD6D7D7}
		{E126AE82-6A99-3588-A635-A016C865D328} = {E126AE82-6A99-3588-A635-A016C865D328}
		{EDCF42D5-095D-3527-A4BC-C79B327986C1} = {EDCF42D5-095D-3527-A4BC-C79B327986C1}
		{A3D9BA6A-8CFC-36B9-888F-004DE8868E75} = {A3D9BA6A-8CFC-36B9-888F-004DE8868E75}
		{8DE1C612-26CA-3DB0-BD85-B9D08518EDCB} = {8DE1C612-26CA-3DB0-BD85-B9D08518EDCB}
		{1AFE722E-1498-3FAE-9EC8-3D35E7A09F0D} = {1AFE722E-1498-3FAE-9EC8-3D35E7A09F0D}
		{7D6F08A3-10BE-3608-93BE-DB547044D1C0} = {7D6F08A3-10BE-3608-93BE-DB547044D1C0}
		{2A5CDAA1-274D-360E-A65C-8C5B917D1C83} = {2A5CDAA1-274D-360E-A65C-8C5B917D1C83}
		{D80134E3-C87B-392D-B742-08FDA9371CCA} = {D80134E3-C87B-392D-B742-08FDA9371CCA}
		{8937A30E-D851-358E-9DCB-35449CA3368D} = {8937A30E-D851-358E-9DCB-35449CA3368D}
	EndProjectSection
EndProject
Project("{8BC9CEB8-8B4A-11D0-8D11-00A0C91BC942}") = "legacymidiccout", "vst3sdk\public.sdk\samples\vst\legacymidiccout\legacymidiccout.vcxproj", "{0EFE18C3-891A-34F6-B0AA-8DAC3AEBAC26}"
	ProjectSection(ProjectDependencies) = postProject
		{1CD699F4-AC1F-303B-AD44-8D281DD6D7D7} = {1CD699F4-AC1F-303B-AD44-8D281DD6D7D7}
		{E126AE82-6A99-3588-A635-A016C865D328} = {E126AE82-6A99-3588-A635-A016C865D328}
		{EDCF42D5-095D-3527-A4BC-C79B327986C1} = {EDCF42D5-095D-3527-A4BC-C79B327986C1}
		{A3D9BA6A-8CFC-36B9-888F-004DE8868E75} = {A3D9BA6A-8CFC-36B9-888F-004DE8868E75}
		{8DE1C612-26CA-3DB0-BD85-B9D08518EDCB} = {8DE1C612-26CA-3DB0-BD85-B9D08518EDCB}
		{1AFE722E-1498-3FAE-9EC8-3D35E7A09F0D} = {1AFE722E-1498-3FAE-9EC8-3D35E7A09F0D}
		{7D6F08A3-10BE-3608-93BE-DB547044D1C0} = {7D6F08A3-10BE-3608-93BE-DB547044D1C0}
	EndProjectSection
EndProject
Project("{8BC9CEB8-8B4A-11D0-8D11-00A0C91BC942}") = "mda-vst3", "vst3sdk\public.sdk\samples\vst\mda-vst3\mda-vst3.vcxproj", "{C28DA2FD-E1B8-3031-8899-573D367B12D3}"
	ProjectSection(ProjectDependencies) = postProject
		{1CD699F4-AC1F-303B-AD44-8D281DD6D7D7} = {1CD699F4-AC1F-303B-AD44-8D281DD6D7D7}
		{E126AE82-6A99-3588-A635-A016C865D328} = {E126AE82-6A99-3588-A635-A016C865D328}
		{EDCF42D5-095D-3527-A4BC-C79B327986C1} = {EDCF42D5-095D-3527-A4BC-C79B327986C1}
		{A3D9BA6A-8CFC-36B9-888F-004DE8868E75} = {A3D9BA6A-8CFC-36B9-888F-004DE8868E75}
		{8DE1C612-26CA-3DB0-BD85-B9D08518EDCB} = {8DE1C612-26CA-3DB0-BD85-B9D08518EDCB}
		{1AFE722E-1498-3FAE-9EC8-3D35E7A09F0D} = {1AFE722E-1498-3FAE-9EC8-3D35E7A09F0D}
		{7D6F08A3-10BE-3608-93BE-DB547044D1C0} = {7D6F08A3-10BE-3608-93BE-DB547044D1C0}
	EndProjectSection
EndProject
Project("{8BC9CEB8-8B4A-11D0-8D11-00A0C91BC942}") = "moduleinfotool", "vst3sdk\public.sdk\samples\vst-utilities\moduleinfotool\moduleinfotool.vcxproj", "{EDCF42D5-095D-3527-A4BC-C79B327986C1}"
	ProjectSection(ProjectDependencies) = postProject
		{1CD699F4-AC1F-303B-AD44-8D281DD6D7D7} = {1CD699F4-AC1F-303B-AD44-8D281DD6D7D7}
		{E126AE82-6A99-3588-A635-A016C865D328} = {E126AE82-6A99-3588-A635-A016C865D328}
		{A3D9BA6A-8CFC-36B9-888F-004DE8868E75} = {A3D9BA6A-8CFC-36B9-888F-004DE8868E75}
		{1AFE722E-1498-3FAE-9EC8-3D35E7A09F0D} = {1AFE722E-1498-3FAE-9EC8-3D35E7A09F0D}
		{5CFABF29-6513-3A11-98F1-E3D19446E8B2} = {5CFABF29-6513-3A11-98F1-E3D19446E8B2}
	EndProjectSection
EndProject
Project("{8BC9CEB8-8B4A-11D0-8D11-00A0C91BC942}") = "multiple-program-changes", "vst3sdk\public.sdk\samples\vst\multiple_programchanges\multiple-program-changes.vcxproj", "{D3DA369F-A28F-35DB-B574-E9526CD950CB}"
	ProjectSection(ProjectDependencies) = postProject
		{1CD699F4-AC1F-303B-AD44-8D281DD6D7D7} = {1CD699F4-AC1F-303B-AD44-8D281DD6D7D7}
		{E126AE82-6A99-3588-A635-A016C865D328} = {E126AE82-6A99-3588-A635-A016C865D328}
		{EDCF42D5-095D-3527-A4BC-C79B327986C1} = {EDCF42D5-095D-3527-A4BC-C79B327986C1}
		{A3D9BA6A-8CFC-36B9-888F-004DE8868E75} = {A3D9BA6A-8CFC-36B9-888F-004DE8868E75}
		{8DE1C612-26CA-3DB0-BD85-B9D08518EDCB} = {8DE1C612-26CA-3DB0-BD85-B9D08518EDCB}
		{1AFE722E-1498-3FAE-9EC8-3D35E7A09F0D} = {1AFE722E-1498-3FAE-9EC8-3D35E7A09F0D}
		{7D6F08A3-10BE-3608-93BE-DB547044D1C0} = {7D6F08A3-10BE-3608-93BE-DB547044D1C0}
	EndProjectSection
EndProject
Project("{8BC9CEB8-8B4A-11D0-8D11-00A0C91BC942}") = "noteexpressionsynth", "vst3sdk\public.sdk\samples\vst\note_expression_synth\noteexpressionsynth.vcxproj", "{ADA13264-62A4-3B79-8CEF-B49965B6C2E8}"
	ProjectSection(ProjectDependencies) = postProject
		{1CD699F4-AC1F-303B-AD44-8D281DD6D7D7} = {1CD699F4-AC1F-303B-AD44-8D281DD6D7D7}
		{E126AE82-6A99-3588-A635-A016C865D328} = {E126AE82-6A99-3588-A635-A016C865D328}
		{EDCF42D5-095D-3527-A4BC-C79B327986C1} = {EDCF42D5-095D-3527-A4BC-C79B327986C1}
		{A3D9BA6A-8CFC-36B9-888F-004DE8868E75} = {A3D9BA6A-8CFC-36B9-888F-004DE8868E75}
		{8DE1C612-26CA-3DB0-BD85-B9D08518EDCB} = {8DE1C612-26CA-3DB0-BD85-B9D08518EDCB}
		{1AFE722E-1498-3FAE-9EC8-3D35E7A09F0D} = {1AFE722E-1498-3FAE-9EC8-3D35E7A09F0D}
		{7D6F08A3-10BE-3608-93BE-DB547044D1C0} = {7D6F08A3-10BE-3608-93BE-DB547044D1C0}
		{2A5CDAA1-274D-360E-A65C-8C5B917D1C83} = {2A5CDAA1-274D-360E-A65C-8C5B917D1C83}
		{D80134E3-C87B-392D-B742-08FDA9371CCA} = {D80134E3-C87B-392D-B742-08FDA9371CCA}
		{8937A30E-D851-358E-9DCB-35449CA3368D} = {8937A30E-D851-358E-9DCB-35449CA3368D}
	EndProjectSection
EndProject
Project("{8BC9CEB8-8B4A-11D0-8D11-00A0C91BC942}") = "noteexpressiontext", "vst3sdk\public.sdk\samples\vst\note_expression_text\noteexpressiontext.vcxproj", "{34750AB4-5A35-35FC-A913-730C0DEBA327}"
	ProjectSection(ProjectDependencies) = postProject
		{1CD699F4-AC1F-303B-AD44-8D281DD6D7D7} = {1CD699F4-AC1F-303B-AD44-8D281DD6D7D7}
		{E126AE82-6A99-3588-A635-A016C865D328} = {E126AE82-6A99-3588-A635-A016C865D328}
		{EDCF42D5-095D-3527-A4BC-C79B327986C1} = {EDCF42D5-095D-3527-A4BC-C79B327986C1}
		{A3D9BA6A-8CFC-36B9-888F-004DE8868E75} = {A3D9BA6A-8CFC-36B9-888F-004DE8868E75}
		{8DE1C612-26CA-3DB0-BD85-B9D08518EDCB} = {8DE1C612-26CA-3DB0-BD85-B9D08518EDCB}
		{1AFE722E-1498-3FAE-9EC8-3D35E7A09F0D} = {1AFE722E-1498-3FAE-9EC8-3D35E7A09F0D}
		{7D6F08A3-10BE-3608-93BE-DB547044D1C0} = {7D6F08A3-10BE-3608-93BE-DB547044D1C0}
		{2A5CDAA1-274D-360E-A65C-8C5B917D1C83} = {2A5CDAA1-274D-360E-A65C-8C5B917D1C83}
		{D80134E3-C87B-392D-B742-08FDA9371CCA} = {D80134E3-C87B-392D-B742-08FDA9371CCA}
		{8937A30E-D851-358E-9DCB-35449CA3368D} = {8937A30E-D851-358E-9DCB-35449CA3368D}
	EndProjectSection
EndProject
Project("{8BC9CEB8-8B4A-11D0-8D11-00A0C91BC942}") = "panner", "vst3sdk\public.sdk\samples\vst\panner\panner.vcxproj", "{C1A3FAEA-4883-3E4E-A9B2-EBE0CDD04837}"
	ProjectSection(ProjectDependencies) = postProject
		{1CD699F4-AC1F-303B-AD44-8D281DD6D7D7} = {1CD699F4-AC1F-303B-AD44-8D281DD6D7D7}
		{E126AE82-6A99-3588-A635-A016C865D328} = {E126AE82-6A99-3588-A635-A016C865D328}
		{EDCF42D5-095D-3527-A4BC-C79B327986C1} = {EDCF42D5-095D-3527-A4BC-C79B327986C1}
		{A3D9BA6A-8CFC-36B9-888F-004DE8868E75} = {A3D9BA6A-8CFC-36B9-888F-004DE8868E75}
		{8DE1C612-26CA-3DB0-BD85-B9D08518EDCB} = {8DE1C612-26CA-3DB0-BD85-B9D08518EDCB}
		{1AFE722E-1498-3FAE-9EC8-3D35E7A09F0D} = {1AFE722E-1498-3FAE-9EC8-3D35E7A09F0D}
		{7D6F08A3-10BE-3608-93BE-DB547044D1C0} = {7D6F08A3-10BE-3608-93BE-DB547044D1C0}
		{2A5CDAA1-274D-360E-A65C-8C5B917D1C83} = {2A5CDAA1-274D-360E-A65C-8C5B917D1C83}
		{D80134E3-C87B-392D-B742-08FDA9371CCA} = {D80134E3-C87B-392D-B742-08FDA9371CCA}
		{8937A30E-D851-358E-9DCB-35449CA3368D} = {8937A30E-D851-358E-9DCB-35449CA3368D}
	EndProjectSection
EndProject
Project("{8BC9CEB8-8B4A-11D0-8D11-00A0C91BC942}") = "pitchnames", "vst3sdk\public.sdk\samples\vst\pitchnames\pitchnames.vcxproj", "{811C2696-0BA7-30E9-B60E-BA55A08C3769}"
	ProjectSection(ProjectDependencies) = postProject
		{1CD699F4-AC1F-303B-AD44-8D281DD6D7D7} = {1CD699F4-AC1F-303B-AD44-8D281DD6D7D7}
		{E126AE82-6A99-3588-A635-A016C865D328} = {E126AE82-6A99-3588-A635-A016C865D328}
		{EDCF42D5-095D-3527-A4BC-C79B327986C1} = {EDCF42D5-095D-3527-A4BC-C79B327986C1}
		{A3D9BA6A-8CFC-36B9-888F-004DE8868E75} = {A3D9BA6A-8CFC-36B9-888F-004DE8868E75}
		{8DE1C612-26CA-3DB0-BD85-B9D08518EDCB} = {8DE1C612-26CA-3DB0-BD85-B9D08518EDCB}
		{1AFE722E-1498-3FAE-9EC8-3D35E7A09F0D} = {1AFE722E-1498-3FAE-9EC8-3D35E7A09F0D}
		{7D6F08A3-10BE-3608-93BE-DB547044D1C0} = {7D6F08A3-10BE-3608-93BE-DB547044D1C0}
		{2A5CDAA1-274D-360E-A65C-8C5B917D1C83} = {2A5CDAA1-274D-360E-A65C-8C5B917D1C83}
		{D80134E3-C87B-392D-B742-08FDA9371CCA} = {D80134E3-C87B-392D-B742-08FDA9371CCA}
		{8937A30E-D851-358E-9DCB-35449CA3368D} = {8937A30E-D851-358E-9DCB-35449CA3368D}
	EndProjectSection
EndProject
Project("{8BC9CEB8-8B4A-11D0-8D11-00A0C91BC942}") = "pluginterfaces", "vst3sdk\pluginterfaces\pluginterfaces.vcxproj", "{A3D9BA6A-8CFC-36B9-888F-004DE8868E75}"
	ProjectSection(ProjectDependencies) = postProject
		{1CD699F4-AC1F-303B-AD44-8D281DD6D7D7} = {1CD699F4-AC1F-303B-AD44-8D281DD6D7D7}
	EndProjectSection
EndProject
Project("{8BC9CEB8-8B4A-11D0-8D11-00A0C91BC942}") = "prefetchable", "vst3sdk\public.sdk\samples\vst\prefetchablesupport\prefetchable.vcxproj", "{4A42CE4D-A9F6-3707-8BB8-5714F49196CA}"
	ProjectSection(ProjectDependencies) = postProject
		{1CD699F4-AC1F-303B-AD44-8D281DD6D7D7} = {1CD699F4-AC1F-303B-AD44-8D281DD6D7D7}
		{E126AE82-6A99-3588-A635-A016C865D328} = {E126AE82-6A99-3588-A635-A016C865D328}
		{EDCF42D5-095D-3527-A4BC-C79B327986C1} = {EDCF42D5-095D-3527-A4BC-C79B327986C1}
		{A3D9BA6A-8CFC-36B9-888F-004DE8868E75} = {A3D9BA6A-8CFC-36B9-888F-004DE8868E75}
		{8DE1C612-26CA-3DB0-BD85-B9D08518EDCB} = {8DE1C612-26CA-3DB0-BD85-B9D08518EDCB}
		{1AFE722E-1498-3FAE-9EC8-3D35E7A09F0D} = {1AFE722E-1498-3FAE-9EC8-3D35E7A09F0D}
		{7D6F08A3-10BE-3608-93BE-DB547044D1C0} = {7D6F08A3-10BE-3608-93BE-DB547044D1C0}
	EndProjectSection
EndProject
Project("{8BC9CEB8-8B4A-11D0-8D11-00A0C91BC942}") = "programchange", "vst3sdk\public.sdk\samples\vst\programchange\programchange.vcxproj", "{67B0F7AD-AC49-3F4E-B317-A399E77B9DF2}"
	ProjectSection(ProjectDependencies) = postProject
		{1CD699F4-AC1F-303B-AD44-8D281DD6D7D7} = {1CD699F4-AC1F-303B-AD44-8D281DD6D7D7}
		{E126AE82-6A99-3588-A635-A016C865D328} = {E126AE82-6A99-3588-A635-A016C865D328}
		{EDCF42D5-095D-3527-A4BC-C79B327986C1} = {EDCF42D5-095D-3527-A4BC-C79B327986C1}
		{A3D9BA6A-8CFC-36B9-888F-004DE8868E75} = {A3D9BA6A-8CFC-36B9-888F-004DE8868E75}
		{8DE1C612-26CA-3DB0-BD85-B9D08518EDCB} = {8DE1C612-26CA-3DB0-BD85-B9D08518EDCB}
		{1AFE722E-1498-3FAE-9EC8-3D35E7A09F0D} = {1AFE722E-1498-3FAE-9EC8-3D35E7A09F0D}
		{7D6F08A3-10BE-3608-93BE-DB547044D1C0} = {7D6F08A3-10BE-3608-93BE-DB547044D1C0}
	EndProjectSection
EndProject
Project("{8BC9CEB8-8B4A-11D0-8D11-00A0C91BC942}") = "sdk", "vst3sdk\public.sdk\sdk.vcxproj", "{8DE1C612-26CA-3DB0-BD85-B9D08518EDCB}"
	ProjectSection(ProjectDependencies) = postProject
		{1CD699F4-AC1F-303B-AD44-8D281DD6D7D7} = {1CD699F4-AC1F-303B-AD44-8D281DD6D7D7}
		{E126AE82-6A99-3588-A635-A016C865D328} = {E126AE82-6A99-3588-A635-A016C865D328}
		{A3D9BA6A-8CFC-36B9-888F-004DE8868E75} = {A3D9BA6A-8CFC-36B9-888F-004DE8868E75}
		{1AFE722E-1498-3FAE-9EC8-3D35E7A09F0D} = {1AFE722E-1498-3FAE-9EC8-3D35E7A09F0D}
	EndProjectSection
EndProject
Project("{8BC9CEB8-8B4A-11D0-8D11-00A0C91BC942}") = "sdk_common", "vst3sdk\public.sdk\sdk_common.vcxproj", "{1AFE722E-1498-3FAE-9EC8-3D35E7A09F0D}"
	ProjectSection(ProjectDependencies) = postProject
		{1CD699F4-AC1F-303B-AD44-8D281DD6D7D7} = {1CD699F4-AC1F-303B-AD44-8D281DD6D7D7}
		{E126AE82-6A99-3588-A635-A016C865D328} = {E126AE82-6A99-3588-A635-A016C865D328}
		{A3D9BA6A-8CFC-36B9-888F-004DE8868E75} = {A3D9BA6A-8CFC-36B9-888F-004DE8868E75}
	EndProjectSection
EndProject
Project("{8BC9CEB8-8B4A-11D0-8D11-00A0C91BC942}") = "sdk_hosting", "vst3sdk\public.sdk\sdk_hosting.vcxproj", "{5CFABF29-6513-3A11-98F1-E3D19446E8B2}"
	ProjectSection(ProjectDependencies) = postProject
		{1CD699F4-AC1F-303B-AD44-8D281DD6D7D7} = {1CD699F4-AC1F-303B-AD44-8D281DD6D7D7}
		{E126AE82-6A99-3588-A635-A016C865D328} = {E126AE82-6A99-3588-A635-A016C865D328}
		{A3D9BA6A-8CFC-36B9-888F-004DE8868E75} = {A3D9BA6A-8CFC-36B9-888F-004DE8868E75}
		{1AFE722E-1498-3FAE-9EC8-3D35E7A09F0D} = {1AFE722E-1498-3FAE-9EC8-3D35E7A09F0D}
	EndProjectSection
EndProject
Project("{8BC9CEB8-8B4A-11D0-8D11-00A0C91BC942}") = "syncdelay", "vst3sdk\public.sdk\samples\vst\syncdelay\syncdelay.vcxproj", "{B1A39CE8-F0C2-3C7F-A2A9-7501C8DD2374}"
	ProjectSection(ProjectDependencies) = postProject
		{1CD699F4-AC1F-303B-AD44-8D281DD6D7D7} = {1CD699F4-AC1F-303B-AD44-8D281DD6D7D7}
		{E126AE82-6A99-3588-A635-A016C865D328} = {E126AE82-6A99-3588-A635-A016C865D328}
		{EDCF42D5-095D-3527-A4BC-C79B327986C1} = {EDCF42D5-095D-3527-A4BC-C79B327986C1}
		{A3D9BA6A-8CFC-36B9-888F-004DE8868E75} = {A3D9BA6A-8CFC-36B9-888F-004DE8868E75}
		{8DE1C612-26CA-3DB0-BD85-B9D08518EDCB} = {8DE1C612-26CA-3DB0-BD85-B9D08518EDCB}
		{1AFE722E-1498-3FAE-9EC8-3D35E7A09F0D} = {1AFE722E-1498-3FAE-9EC8-3D35E7A09F0D}
		{7D6F08A3-10BE-3608-93BE-DB547044D1C0} = {7D6F08A3-10BE-3608-93BE-DB547044D1C0}
	EndProjectSection
EndProject
Project("{8BC9CEB8-8B4A-11D0-8D11-00A0C91BC942}") = "validator", "vst3sdk\public.sdk\samples\vst-hosting\validator\validator.vcxproj", "{7D6F08A3-10BE-3608-93BE-DB547044D1C0}"
	ProjectSection(ProjectDependencies) = postProject
		{1CD699F4-AC1F-303B-AD44-8D281DD6D7D7} = {1CD699F4-AC1F-303B-AD44-8D281DD6D7D7}
		{E126AE82-6A99-3588-A635-A016C865D328} = {E126AE82-6A99-3588-A635-A016C865D328}
		{A3D9BA6A-8CFC-36B9-888F-004DE8868E75} = {A3D9BA6A-8CFC-36B9-888F-004DE8868E75}
		{1AFE722E-1498-3FAE-9EC8-3D35E7A09F0D} = {1AFE722E-1498-3FAE-9EC8-3D35E7A09F0D}
		{5CFABF29-6513-3A11-98F1-E3D19446E8B2} = {5CFABF29-6513-3A11-98F1-E3D19446E8B2}
	EndProjectSection
EndProject
Project("{8BC9CEB8-8B4A-11D0-8D11-00A0C91BC942}") = "vstgui", "vst3sdk\VSTGUI.build\vstgui\lib\vstgui.vcxproj", "{2A5CDAA1-274D-360E-A65C-8C5B917D1C83}"
	ProjectSection(ProjectDependencies) = postProject
		{1CD699F4-AC1F-303B-AD44-8D281DD6D7D7} = {1CD699F4-AC1F-303B-AD44-8D281DD6D7D7}
	EndProjectSection
EndProject
Project("{8BC9CEB8-8B4A-11D0-8D11-00A0C91BC942}") = "vstgui_standalone", "vst3sdk\VSTGUI.build\vstgui\standalone\vstgui_standalone.vcxproj", "{6D70B017-CB50-3F0C-A9FA-7089FAEC9BB4}"
	ProjectSection(ProjectDependencies) = postProject
		{1CD699F4-AC1F-303B-AD44-8D281DD6D7D7} = {1CD699F4-AC1F-303B-AD44-8D281DD6D7D7}
	EndProjectSection
EndProject
Project("{8BC9CEB8-8B4A-11D0-8D11-00A0C91BC942}") = "vstgui_support", "vst3sdk\vstgui_support.vcxproj", "{D80134E3-C87B-392D-B742-08FDA9371CCA}"
	ProjectSection(ProjectDependencies) = postProject
		{1CD699F4-AC1F-303B-AD44-8D281DD6D7D7} = {1CD699F4-AC1F-303B-AD44-8D281DD6D7D7}
		{E126AE82-6A99-3588-A635-A016C865D328} = {E126AE82-6A99-3588-A635-A016C865D328}
		{2A5CDAA1-274D-360E-A65C-8C5B917D1C83} = {2A5CDAA1-274D-360E-A65C-8C5B917D1C83}
		{8937A30E-D851-358E-9DCB-35449CA3368D} = {8937A30E-D851-358E-9DCB-35449CA3368D}
	EndProjectSection
EndProject
Project("{8BC9CEB8-8B4A-11D0-8D11-00A0C91BC942}") = "vstgui_uidescription", "vst3sdk\VSTGUI.build\vstgui\uidescription\vstgui_uidescription.vcxproj", "{8937A30E-D851-358E-9DCB-35449CA3368D}"
	ProjectSection(ProjectDependencies) = postProject
		{1CD699F4-AC1F-303B-AD44-8D281DD6D7D7} = {1CD699F4-AC1F-303B-AD44-8D281DD6D7D7}
		{2A5CDAA1-274D-360E-A65C-8C5B917D1C83} = {2A5CDAA1-274D-360E-A65C-8C5B917D1C83}
	EndProjectSection
EndProject
Global
	GlobalSection(SolutionConfigurationPlatforms) = preSolution
		Debug|x64 = Debug|x64
		Release|x64 = Release|x64
	EndGlobalSection
	GlobalSection(ProjectConfigurationPlatforms) = postSolution
		{196AA884-CC9C-36D6-AA30-153747AB7F3F}.Debug|x64.ActiveCfg = Debug|x64
		{196AA884-CC9C-36D6-AA30-153747AB7F3F}.Debug|x64.Build.0 = Debug|x64
		{196AA884-CC9C-36D6-AA30-153747AB7F3F}.Release|x64.ActiveCfg = Release|x64
		{196AA884-CC9C-36D6-AA30-153747AB7F3F}.Release|x64.Build.0 = Release|x64
		{23476A89-C02D-3025-9931-6935B728F2AF}.Debug|x64.ActiveCfg = Debug|x64
		{23476A89-C02D-3025-9931-6935B728F2AF}.Release|x64.ActiveCfg = Release|x64
		{655798BD-7265-3AEC-AE79-82F04BE237D6}.Debug|x64.ActiveCfg = Debug|x64
		{655798BD-7265-3AEC-AE79-82F04BE237D6}.Debug|x64.Build.0 = Debug|x64
		{655798BD-7265-3AEC-AE79-82F04BE237D6}.Release|x64.ActiveCfg = Release|x64
		{655798BD-7265-3AEC-AE79-82F04BE237D6}.Release|x64.Build.0 = Release|x64
		{1CD699F4-AC1F-303B-AD44-8D281DD6D7D7}.Debug|x64.ActiveCfg = Debug|x64
		{1CD699F4-AC1F-303B-AD44-8D281DD6D7D7}.Debug|x64.Build.0 = Debug|x64
		{1CD699F4-AC1F-303B-AD44-8D281DD6D7D7}.Release|x64.ActiveCfg = Release|x64
		{1CD699F4-AC1F-303B-AD44-8D281DD6D7D7}.Release|x64.Build.0 = Release|x64
		{8FEFBC49-D0E8-37E0-A75D-DE32008C5E30}.Debug|x64.ActiveCfg = Debug|x64
		{8FEFBC49-D0E8-37E0-A75D-DE32008C5E30}.Debug|x64.Build.0 = Debug|x64
		{8FEFBC49-D0E8-37E0-A75D-DE32008C5E30}.Release|x64.ActiveCfg = Release|x64
		{8FEFBC49-D0E8-37E0-A75D-DE32008C5E30}.Release|x64.Build.0 = Release|x64
		{D6BFEE9C-F710-3A1D-B584-6D9267C3AFEB}.Debug|x64.ActiveCfg = Debug|x64
		{D6BFEE9C-F710-3A1D-B584-6D9267C3AFEB}.Debug|x64.Build.0 = Debug|x64
		{D6BFEE9C-F710-3A1D-B584-6D9267C3AFEB}.Release|x64.ActiveCfg = Release|x64
		{D6BFEE9C-F710-3A1D-B584-6D9267C3AFEB}.Release|x64.Build.0 = Release|x64
		{FA6A2B61-0A0B-35C4-A239-CD4DBEC8CF08}.Debug|x64.ActiveCfg = Debug|x64
		{FA6A2B61-0A0B-35C4-A239-CD4DBEC8CF08}.Debug|x64.Build.0 = Debug|x64
		{FA6A2B61-0A0B-35C4-A239-CD4DBEC8CF08}.Release|x64.ActiveCfg = Release|x64
		{FA6A2B61-0A0B-35C4-A239-CD4DBEC8CF08}.Release|x64.Build.0 = Release|x64
		{27F3513E-727A-3EF6-B594-324F39E58D13}.Debug|x64.ActiveCfg = Debug|x64
		{27F3513E-727A-3EF6-B594-324F39E58D13}.Debug|x64.Build.0 = Debug|x64
		{27F3513E-727A-3EF6-B594-324F39E58D13}.Release|x64.ActiveCfg = Release|x64
		{27F3513E-727A-3EF6-B594-324F39E58D13}.Release|x64.Build.0 = Release|x64
		{E126AE82-6A99-3588-A635-A016C865D328}.Debug|x64.ActiveCfg = Debug|x64
		{E126AE82-6A99-3588-A635-A016C865D328}.Debug|x64.Build.0 = Debug|x64
		{E126AE82-6A99-3588-A635-A016C865D328}.Release|x64.ActiveCfg = Release|x64
		{E126AE82-6A99-3588-A635-A016C865D328}.Release|x64.Build.0 = Release|x64
		{E8592899-ADA3-354A-B26C-DFBDABA97D96}.Debug|x64.ActiveCfg = Debug|x64
		{E8592899-ADA3-354A-B26C-DFBDABA97D96}.Debug|x64.Build.0 = Debug|x64
		{E8592899-ADA3-354A-B26C-DFBDABA97D96}.Release|x64.ActiveCfg = Release|x64
		{E8592899-ADA3-354A-B26C-DFBDABA97D96}.Release|x64.Build.0 = Release|x64
		{E000A897-FB57-303E-B56B-CE30A5CE452A}.Debug|x64.ActiveCfg = Debug|x64
		{E000A897-FB57-303E-B56B-CE30A5CE452A}.Release|x64.ActiveCfg = Release|x64
		{0C6BDA0F-9546-374C-811C-C2BA3A8127B9}.Debug|x64.ActiveCfg = Debug|x64
		{0C6BDA0F-9546-374C-811C-C2BA3A8127B9}.Release|x64.ActiveCfg = Release|x64
		{A0C70A99-8310-354C-8833-7C9CB065DB56}.Debug|x64.ActiveCfg = Debug|x64
		{A0C70A99-8310-354C-8833-7C9CB065DB56}.Debug|x64.Build.0 = Debug|x64
		{A0C70A99-8310-354C-8833-7C9CB065DB56}.Release|x64.ActiveCfg = Release|x64
		{A0C70A99-8310-354C-8833-7C9CB065DB56}.Release|x64.Build.0 = Release|x64
		{251C3B05-5A7B-3E0B-BC3B-15835286CE29}.Debug|x64.ActiveCfg = Debug|x64
		{251C3B05-5A7B-3E0B-BC3B-15835286CE29}.Debug|x64.Build.0 = Debug|x64
		{251C3B05-5A7B-3E0B-BC3B-15835286CE29}.Release|x64.ActiveCfg = Release|x64
		{251C3B05-5A7B-3E0B-BC3B-15835286CE29}.Release|x64.Build.0 = Release|x64
		{8FB5D592-CF12-37BB-9A62-BE3D62CE71FF}.Debug|x64.ActiveCfg = Debug|x64
		{8FB5D592-CF12-37BB-9A62-BE3D62CE71FF}.Debug|x64.Build.0 = Debug|x64
		{8FB5D592-CF12-37BB-9A62-BE3D62CE71FF}.Release|x64.ActiveCfg = Release|x64
		{8FB5D592-CF12-37BB-9A62-BE3D62CE71FF}.Release|x64.Build.0 = Release|x64
		{0EFE18C3-891A-34F6-B0AA-8DAC3AEBAC26}.Debug|x64.ActiveCfg = Debug|x64
		{0EFE18C3-891A-34F6-B0AA-8DAC3AEBAC26}.Debug|x64.Build.0 = Debug|x64
		{0EFE18C3-891A-34F6-B0AA-8DAC3AEBAC26}.Release|x64.ActiveCfg = Release|x64
		{0EFE18C3-891A-34F6-B0AA-8DAC3AEBAC26}.Release|x64.Build.0 = Release|x64
		{C28DA2FD-E1B8-3031-8899-573D367B12D3}.Debug|x64.ActiveCfg = Debug|x64
		{C28DA2FD-E1B8-3031-8899-573D367B12D3}.Debug|x64.Build.0 = Debug|x64
		{C28DA2FD-E1B8-3031-8899-573D367B12D3}.Release|x64.ActiveCfg = Release|x64
		{C28DA2FD-E1B8-3031-8899-573D367B12D3}.Release|x64.Build.0 = Release|x64
		{EDCF42D5-095D-3527-A4BC-C79B327986C1}.Debug|x64.ActiveCfg = Debug|x64
		{EDCF42D5-095D-3527-A4BC-C79B327986C1}.Debug|x64.Build.0 = Debug|x64
		{EDCF42D5-095D-3527-A4BC-C79B327986C1}.Release|x64.ActiveCfg = Release|x64
		{EDCF42D5-095D-3527-A4BC-C79B327986C1}.Release|x64.Build.0 = Release|x64
		{D3DA369F-A28F-35DB-B574-E9526CD950CB}.Debug|x64.ActiveCfg = Debug|x64
		{D3DA369F-A28F-35DB-B574-E9526CD950CB}.Debug|x64.Build.0 = Debug|x64
		{D3DA369F-A28F-35DB-B574-E9526CD950CB}.Release|x64.ActiveCfg = Release|x64
		{D3DA369F-A28F-35DB-B574-E9526CD950CB}.Release|x64.Build.0 = Release|x64
		{ADA13264-62A4-3B79-8CEF-B49965B6C2E8}.Debug|x64.ActiveCfg = Debug|x64
		{ADA13264-62A4-3B79-8CEF-B49965B6C2E8}.Debug|x64.Build.0 = Debug|x64
		{ADA13264-62A4-3B79-8CEF-B49965B6C2E8}.Release|x64.ActiveCfg = Release|x64
		{ADA13264-62A4-3B79-8CEF-B49965B6C2E8}.Release|x64.Build.0 = Release|x64
		{34750AB4-5A35-35FC-A913-730C0DEBA327}.Debug|x64.ActiveCfg = Debug|x64
		{34750AB4-5A35-35FC-A913-730C0DEBA327}.Debug|x64.Build.0 = Debug|x64
		{34750AB4-5A35-35FC-A913-730C0DEBA327}.Release|x64.ActiveCfg = Release|x64
		{34750AB4-5A35-35FC-A913-730C0DEBA327}.Release|x64.Build.0 = Release|x64
		{C1A3FAEA-4883-3E4E-A9B2-EBE0CDD04837}.Debug|x64.ActiveCfg = Debug|x64
		{C1A3FAEA-4883-3E4E-A9B2-EBE0CDD04837}.Debug|x64.Build.0 = Debug|x64
		{C1A3FAEA-4883-3E4E-A9B2-EBE0CDD04837}.Release|x64.ActiveCfg = Release|x64
		{C1A3FAEA-4883-3E4E-A9B2-EBE0CDD04837}.Release|x64.Build.0 = Release|x64
		{811C2696-0BA7-30E9-B60E-BA55A08C3769}.Debug|x64.ActiveCfg = Debug|x64
		{811C2696-0BA7-30E9-B60E-BA55A08C3769}.Debug|x64.Build.0 = Debug|x64
		{811C2696-0BA7-30E9-B60E-BA55A08C3769}.Release|x64.ActiveCfg = Release|x64
		{811C2696-0BA7-30E9-B60E-BA55A08C3769}.Release|x64.Build.0 = Release|x64
		{A3D9BA6A-8CFC-36B9-888F-004DE8868E75}.Debug|x64.ActiveCfg = Debug|x64
		{A3D9BA6A-8CFC-36B9-888F-004DE8868E75}.Debug|x64.Build.0 = Debug|x64
		{A3D9BA6A-8CFC-36B9-888F-004DE8868E75}.Release|x64.ActiveCfg = Release|x64
		{A3D9BA6A-8CFC-36B9-888F-004DE8868E75}.Release|x64.Build.0 = Release|x64
		{4A42CE4D-A9F6-3707-8BB8-5714F49196CA}.Debug|x64.ActiveCfg = Debug|x64
		{4A42CE4D-A9F6-3707-8BB8-5714F49196CA}.Debug|x64.Build.0 = Debug|x64
		{4A42CE4D-A9F6-3707-8BB8-5714F49196CA}.Release|x64.ActiveCfg = Release|x64
		{4A42CE4D-A9F6-3707-8BB8-5714F49196CA}.Release|x64.Build.0 = Release|x64
		{67B0F7AD-AC49-3F4E-B317-A399E77B9DF2}.Debug|x64.ActiveCfg = Debug|x64
		{67B0F7AD-AC49-3F4E-B317-A399E77B9DF2}.Debug|x64.Build.0 = Debug|x64
		{67B0F7AD-AC49-3F4E-B317-A399E77B9DF2}.Release|x64.ActiveCfg = Release|x64
		{67B0F7AD-AC49-3F4E-B317-A399E77B9DF2}.Release|x64.Build.0 = Release|x64
		{8DE1C612-26CA-3DB0-BD85-B9D08518EDCB}.Debug|x64.ActiveCfg = Debug|x64
		{8DE1C612-26CA-3DB0-BD85-B9D08518EDCB}.Debug|x64.Build.0 = Debug|x64
		{8DE1C612-26CA-3DB0-BD85-B9D08518EDCB}.Release|x64.ActiveCfg = Release|x64
		{8DE1C612-26CA-3DB0-BD85-B9D08518EDCB}.Release|x64.Build.0 = Release|x64
		{1AFE722E-1498-3FAE-9EC8-3D35E7A09F0D}.Debug|x64.ActiveCfg = Debug|x64
		{1AFE722E-1498-3FAE-9EC8-3D35E7A09F0D}.Debug|x64.Build.0 = Debug|x64
		{1AFE722E-1498-3FAE-9EC8-3D35E7A09F0D}.Release|x64.ActiveCfg = Release|x64
		{1AFE722E-1498-3FAE-9EC8-3D35E7A09F0D}.Release|x64.Build.0 = Release|x64
		{5CFABF29-6513-3A11-98F1-E3D19446E8B2}.Debug|x64.ActiveCfg = Debug|x64
		{5CFABF29-6513-3A11-98F1-E3D19446E8B2}.Debug|x64.Build.0 = Debug|x64
		{5CFABF29-6513-3A11-98F1-E3D19446E8B2}.Release|x64.ActiveCfg = Release|x64
		{5CFABF29-6513-3A11-98F1-E3D19446E8B2}.Release|x64.Build.0 = Release|x64
		{B1A39CE8-F0C2-3C7F-A2A9-7501C8DD2374}.Debug|x64.ActiveCfg = Debug|x64
		{B1A39CE8-F0C2-3C7F-A2A9-7501C8DD2374}.Debug|x64.Build.0 = Debug|x64
		{B1A39CE8-F0C2-3C7F-A2A9-7501C8DD2374}.Release|x64.ActiveCfg = Release|x64
		{B1A39CE8-F0C2-3C7F-A2A9-7501C8DD2374}.Release|x64.Build.0 = Release|x64
		{7D6F08A3-10BE-3608-93BE-DB547044D1C0}.Debug|x64.ActiveCfg = Debug|x64
		{7D6F08A3-10BE-3608-93BE-DB547044D1C0}.Debug|x64.Build.0 = Debug|x64
		{7D6F08A3-10BE-3608-93BE-DB547044D1C0}.Release|x64.ActiveCfg = Release|x64
		{7D6F08A3-10BE-3608-93BE-DB547044D1C0}.Release|x64.Build.0 = Release|x64
		{2A5CDAA1-274D-360E-A65C-8C5B917D1C83}.Debug|x64.ActiveCfg = Debug|x64
		{2A5CDAA1-274D-360E-A65C-8C5B917D1C83}.Debug|x64.Build.0 = Debug|x64
		{2A5CDAA1-274D-360E-A65C-8C5B917D1C83}.Release|x64.ActiveCfg = Release|x64
		{2A5CDAA1-274D-360E-A65C-8C5B917D1C83}.Release|x64.Build.0 = Release|x64
		{6D70B017-CB50-3F0C-A9FA-7089FAEC9BB4}.Debug|x64.ActiveCfg = Debug|x64
		{6D70B017-CB50-3F0C-A9FA-7089FAEC9BB4}.Debug|x64.Build.0 = Debug|x64
		{6D70B017-CB50-3F0C-A9FA-7089FAEC9BB4}.Release|x64.ActiveCfg = Release|x64
		{6D70B017-CB50-3F0C-A9FA-7089FAEC9BB4}.Release|x64.Build.0 = Release|x64
		{D80134E3-C87B-392D-B742-08FDA9371CCA}.Debug|x64.ActiveCfg = Debug|x64
		{D80134E3-C87B-392D-B742-08FDA9371CCA}.Debug|x64.Build.0 = Debug|x64
		{D80134E3-C87B-392D-B742-08FDA9371CCA}.Release|x64.ActiveCfg = Release|x64
		{D80134E3-C87B-392D-B742-08FDA9371CCA}.Release|x64.Build.0 = Release|x64
		{8937A30E-D851-358E-9DCB-35449CA3368D}.Debug|x64.ActiveCfg = Debug|x64
		{8937A30E-D851-358E-9DCB-35449CA3368D}.Debug|x64.Build.0 = Debug|x64
		{8937A30E-D851-358E-9DCB-35449CA3368D}.Release|x64.ActiveCfg = Release|x64
		{8937A30E-D851-358E-9DCB-35449CA3368D}.Release|x64.Build.0 = Release|x64
	EndGlobalSection
	GlobalSection(NestedProjects) = preSolution
		{655798BD-7265-3AEC-AE79-82F04BE237D6} = {0FBD5362-2719-38BE-A852-AC51549E59C0}
		{251C3B05-5A7B-3E0B-BC3B-15835286CE29} = {0FBD5362-2719-38BE-A852-AC51549E59C0}
		{7D6F08A3-10BE-3608-93BE-DB547044D1C0} = {0FBD5362-2719-38BE-A852-AC51549E59C0}
		{E126AE82-6A99-3588-A635-A016C865D328} = {8D7AEF29-B7A6-320B-8EFD-3C126E159D1D}
		{E000A897-FB57-303E-B56B-CE30A5CE452A} = {8D7AEF29-B7A6-320B-8EFD-3C126E159D1D}
		{0C6BDA0F-9546-374C-811C-C2BA3A8127B9} = {8D7AEF29-B7A6-320B-8EFD-3C126E159D1D}
		{A3D9BA6A-8CFC-36B9-888F-004DE8868E75} = {8D7AEF29-B7A6-320B-8EFD-3C126E159D1D}
		{8DE1C612-26CA-3DB0-BD85-B9D08518EDCB} = {8D7AEF29-B7A6-320B-8EFD-3C126E159D1D}
		{1AFE722E-1498-3FAE-9EC8-3D35E7A09F0D} = {8D7AEF29-B7A6-320B-8EFD-3C126E159D1D}
		{5CFABF29-6513-3A11-98F1-E3D19446E8B2} = {8D7AEF29-B7A6-320B-8EFD-3C126E159D1D}
		{2A5CDAA1-274D-360E-A65C-8C5B917D1C83} = {8D7AEF29-B7A6-320B-8EFD-3C126E159D1D}
		{6D70B017-CB50-3F0C-A9FA-7089FAEC9BB4} = {8D7AEF29-B7A6-320B-8EFD-3C126E159D1D}
		{D80134E3-C87B-392D-B742-08FDA9371CCA} = {8D7AEF29-B7A6-320B-8EFD-3C126E159D1D}
		{8937A30E-D851-358E-9DCB-35449CA3368D} = {8D7AEF29-B7A6-320B-8EFD-3C126E159D1D}
		{8FEFBC49-D0E8-37E0-A75D-DE32008C5E30} = {536C2BB8-962D-3ED2-A23F-64F99866702F}
		{D6BFEE9C-F710-3A1D-B584-6D9267C3AFEB} = {536C2BB8-962D-3ED2-A23F-64F99866702F}
		{FA6A2B61-0A0B-35C4-A239-CD4DBEC8CF08} = {536C2BB8-962D-3ED2-A23F-64F99866702F}
		{27F3513E-727A-3EF6-B594-324F39E58D13} = {536C2BB8-962D-3ED2-A23F-64F99866702F}
		{E8592899-ADA3-354A-B26C-DFBDABA97D96} = {536C2BB8-962D-3ED2-A23F-64F99866702F}
		{A0C70A99-8310-354C-8833-7C9CB065DB56} = {536C2BB8-962D-3ED2-A23F-64F99866702F}
		{8FB5D592-CF12-37BB-9A62-BE3D62CE71FF} = {536C2BB8-962D-3ED2-A23F-64F99866702F}
		{0EFE18C3-891A-34F6-B0AA-8DAC3AEBAC26} = {536C2BB8-962D-3ED2-A23F-64F99866702F}
		{C28DA2FD-E1B8-3031-8899-573D367B12D3} = {536C2BB8-962D-3ED2-A23F-64F99866702F}
		{D3DA369F-A28F-35DB-B574-E9526CD950CB} = {536C2BB8-962D-3ED2-A23F-64F99866702F}
		{ADA13264-62A4-3B79-8CEF-B49965B6C2E8} = {536C2BB8-962D-3ED2-A23F-64F99866702F}
		{34750AB4-5A35-35FC-A913-730C0DEBA327} = {536C2BB8-962D-3ED2-A23F-64F99866702F}
		{C1A3FAEA-4883-3E4E-A9B2-EBE0CDD04837} = {536C2BB8-962D-3ED2-A23F-64F99866702F}
		{811C2696-0BA7-30E9-B60E-BA55A08C3769} = {536C2BB8-962D-3ED2-A23F-64F99866702F}
		{4A42CE4D-A9F6-3707-8BB8-5714F49196CA} = {536C2BB8-962D-3ED2-A23F-64F99866702F}
		{67B0F7AD-AC49-3F4E-B317-A399E77B9DF2} = {536C2BB8-962D-3ED2-A23F-64F99866702F}
		{B1A39CE8-F0C2-3C7F-A2A9-7501C8DD2374} = {536C2BB8-962D-3ED2-A23F-64F99866702F}
		{23476A89-C02D-3025-9931-6935B728F2AF} = {AC8284A8-3544-3D47-91EC-1C2FDB58E86E}
		{1CD699F4-AC1F-303B-AD44-8D281DD6D7D7} = {AC8284A8-3544-3D47-91EC-1C2FDB58E86E}
		{EDCF42D5-095D-3527-A4BC-C79B327986C1} = {F11F0EAF-1041-32C7-85A8-D0F0BC073A93}
	EndGlobalSection
	GlobalSection(ExtensibilityGlobals) = postSolution
		SolutionGuid = {4C8D0BCC-CCE3-3C65-A268-075BB54A59F8}
	EndGlobalSection
	GlobalSection(ExtensibilityAddIns) = postSolution
	EndGlobalSection
EndGlobal
