
Microsoft Visual Studio Solution File, Format Version 12.00
# Visual Studio Version 17
Project("{2150E333-8FDC-42A3-9474-1A3956D46DE8}") = "HostingExamples", "HostingExamples", "{0FBD5362-2719-38BE-A852-AC51549E59C0}"
EndProject
Project("{2150E333-8FDC-42A3-9474-1A3956D46DE8}") = "Libraries", "Libraries", "{8D7AEF29-B7A6-320B-8EFD-3C126E159D1D}"
EndProject
Project("{2150E333-8FDC-42A3-9474-1A3956D46DE8}") = "PlugInExamples", "PlugInExamples", "{536C2BB8-962D-3ED2-A23F-64F99866702F}"
EndProject
Project("{2150E333-8FDC-42A3-9474-1A3956D46DE8}") = "Predefined", "Predefined", "{AC8284A8-3544-3D47-91EC-1C2FDB58E86E}"
EndProject
Project("{2150E333-8FDC-42A3-9474-1A3956D46DE8}") = "Utilities", "Utilities", "{F11F0EAF-1041-32C7-85A8-D0F0BC073A93}"
EndProject
Project("{8BC9CEB8-8B4A-11D0-8D11-00A0C91BC942}") = "ALL_BUILD", "ALL_BUILD.vcxproj", "{23476A89-C02D-3025-9931-6935B728F2AF}"
	ProjectSection(ProjectDependencies) = postProject
		{1CD699F4-AC1F-303B-AD44-8D281DD6D7D7} = {1CD699F4-AC1F-303B-AD44-8D281DD6D7D7}
		{8FEFBC49-D0E8-37E0-A75D-DE32008C5E30} = {8FEFBC49-D0E8-37E0-A75D-DE32008C5E30}
	EndProjectSection
EndProject
Project("{8BC9CEB8-8B4A-11D0-8D11-00A0C91BC942}") = "ZERO_CHECK", "..\..\..\..\..\\ZERO_CHECK.vcxproj", "{1CD699F4-AC1F-303B-AD44-8D281DD6D7D7}"
	ProjectSection(ProjectDependencies) = postProject
	EndProjectSection
EndProject
Project("{8BC9CEB8-8B4A-11D0-8D11-00A0C91BC942}") = "adelay", "adelay.vcxproj", "{8FEFBC49-D0E8-37E0-A75D-DE32008C5E30}"
	ProjectSection(ProjectDependencies) = postProject
		{1CD699F4-AC1F-303B-AD44-8D281DD6D7D7} = {1CD699F4-AC1F-303B-AD44-8D281DD6D7D7}
		{E126AE82-6A99-3588-A635-A016C865D328} = {E126AE82-6A99-3588-A635-A016C865D328}
		{EDCF42D5-095D-3527-A4BC-C79B327986C1} = {EDCF42D5-095D-3527-A4BC-C79B327986C1}
		{A3D9BA6A-8CFC-36B9-888F-004DE8868E75} = {A3D9BA6A-8CFC-36B9-888F-004DE8868E75}
		{8DE1C612-26CA-3DB0-BD85-B9D08518EDCB} = {8DE1C612-26CA-3DB0-BD85-B9D08518EDCB}
		{1AFE722E-1498-3FAE-9EC8-3D35E7A09F0D} = {1AFE722E-1498-3FAE-9EC8-3D35E7A09F0D}
		{7D6F08A3-10BE-3608-93BE-DB547044D1C0} = {7D6F08A3-10BE-3608-93BE-DB547044D1C0}
	EndProjectSection
EndProject
Project("{8BC9CEB8-8B4A-11D0-8D11-00A0C91BC942}") = "base", "..\..\..\..\base\base.vcxproj", "{E126AE82-6A99-3588-A635-A016C865D328}"
	ProjectSection(ProjectDependencies) = postProject
		{1CD699F4-AC1F-303B-AD44-8D281DD6D7D7} = {1CD699F4-AC1F-303B-AD44-8D281DD6D7D7}
	EndProjectSection
EndProject
Project("{8BC9CEB8-8B4A-11D0-8D11-00A0C91BC942}") = "moduleinfotool", "..\..\vst-utilities\moduleinfotool\moduleinfotool.vcxproj", "{EDCF42D5-095D-3527-A4BC-C79B327986C1}"
	ProjectSection(ProjectDependencies) = postProject
		{1CD699F4-AC1F-303B-AD44-8D281DD6D7D7} = {1CD699F4-AC1F-303B-AD44-8D281DD6D7D7}
		{E126AE82-6A99-3588-A635-A016C865D328} = {E126AE82-6A99-3588-A635-A016C865D328}
		{A3D9BA6A-8CFC-36B9-888F-004DE8868E75} = {A3D9BA6A-8CFC-36B9-888F-004DE8868E75}
		{1AFE722E-1498-3FAE-9EC8-3D35E7A09F0D} = {1AFE722E-1498-3FAE-9EC8-3D35E7A09F0D}
		{5CFABF29-6513-3A11-98F1-E3D19446E8B2} = {5CFABF29-6513-3A11-98F1-E3D19446E8B2}
	EndProjectSection
EndProject
Project("{8BC9CEB8-8B4A-11D0-8D11-00A0C91BC942}") = "pluginterfaces", "..\..\..\..\pluginterfaces\pluginterfaces.vcxproj", "{A3D9BA6A-8CFC-36B9-888F-004DE8868E75}"
	ProjectSection(ProjectDependencies) = postProject
		{1CD699F4-AC1F-303B-AD44-8D281DD6D7D7} = {1CD699F4-AC1F-303B-AD44-8D281DD6D7D7}
	EndProjectSection
EndProject
Project("{8BC9CEB8-8B4A-11D0-8D11-00A0C91BC942}") = "sdk", "..\..\..\\sdk.vcxproj", "{8DE1C612-26CA-3DB0-BD85-B9D08518EDCB}"
	ProjectSection(ProjectDependencies) = postProject
		{1CD699F4-AC1F-303B-AD44-8D281DD6D7D7} = {1CD699F4-AC1F-303B-AD44-8D281DD6D7D7}
		{E126AE82-6A99-3588-A635-A016C865D328} = {E126AE82-6A99-3588-A635-A016C865D328}
		{A3D9BA6A-8CFC-36B9-888F-004DE8868E75} = {A3D9BA6A-8CFC-36B9-888F-004DE8868E75}
		{1AFE722E-1498-3FAE-9EC8-3D35E7A09F0D} = {1AFE722E-1498-3FAE-9EC8-3D35E7A09F0D}
	EndProjectSection
EndProject
Project("{8BC9CEB8-8B4A-11D0-8D11-00A0C91BC942}") = "sdk_common", "..\..\..\\sdk_common.vcxproj", "{1AFE722E-1498-3FAE-9EC8-3D35E7A09F0D}"
	ProjectSection(ProjectDependencies) = postProject
		{1CD699F4-AC1F-303B-AD44-8D281DD6D7D7} = {1CD699F4-AC1F-303B-AD44-8D281DD6D7D7}
		{E126AE82-6A99-3588-A635-A016C865D328} = {E126AE82-6A99-3588-A635-A016C865D328}
		{A3D9BA6A-8CFC-36B9-888F-004DE8868E75} = {A3D9BA6A-8CFC-36B9-888F-004DE8868E75}
	EndProjectSection
EndProject
Project("{8BC9CEB8-8B4A-11D0-8D11-00A0C91BC942}") = "sdk_hosting", "..\..\..\\sdk_hosting.vcxproj", "{5CFABF29-6513-3A11-98F1-E3D19446E8B2}"
	ProjectSection(ProjectDependencies) = postProject
		{1CD699F4-AC1F-303B-AD44-8D281DD6D7D7} = {1CD699F4-AC1F-303B-AD44-8D281DD6D7D7}
		{E126AE82-6A99-3588-A635-A016C865D328} = {E126AE82-6A99-3588-A635-A016C865D328}
		{A3D9BA6A-8CFC-36B9-888F-004DE8868E75} = {A3D9BA6A-8CFC-36B9-888F-004DE8868E75}
		{1AFE722E-1498-3FAE-9EC8-3D35E7A09F0D} = {1AFE722E-1498-3FAE-9EC8-3D35E7A09F0D}
	EndProjectSection
EndProject
Project("{8BC9CEB8-8B4A-11D0-8D11-00A0C91BC942}") = "validator", "..\..\vst-hosting\validator\validator.vcxproj", "{7D6F08A3-10BE-3608-93BE-DB547044D1C0}"
	ProjectSection(ProjectDependencies) = postProject
		{1CD699F4-AC1F-303B-AD44-8D281DD6D7D7} = {1CD699F4-AC1F-303B-AD44-8D281DD6D7D7}
		{E126AE82-6A99-3588-A635-A016C865D328} = {E126AE82-6A99-3588-A635-A016C865D328}
		{A3D9BA6A-8CFC-36B9-888F-004DE8868E75} = {A3D9BA6A-8CFC-36B9-888F-004DE8868E75}
		{1AFE722E-1498-3FAE-9EC8-3D35E7A09F0D} = {1AFE722E-1498-3FAE-9EC8-3D35E7A09F0D}
		{5CFABF29-6513-3A11-98F1-E3D19446E8B2} = {5CFABF29-6513-3A11-98F1-E3D19446E8B2}
	EndProjectSection
EndProject
Global
	GlobalSection(SolutionConfigurationPlatforms) = preSolution
		Debug|x64 = Debug|x64
		Release|x64 = Release|x64
	EndGlobalSection
	GlobalSection(ProjectConfigurationPlatforms) = postSolution
		{23476A89-C02D-3025-9931-6935B728F2AF}.Debug|x64.ActiveCfg = Debug|x64
		{23476A89-C02D-3025-9931-6935B728F2AF}.Release|x64.ActiveCfg = Release|x64
		{1CD699F4-AC1F-303B-AD44-8D281DD6D7D7}.Debug|x64.ActiveCfg = Debug|x64
		{1CD699F4-AC1F-303B-AD44-8D281DD6D7D7}.Debug|x64.Build.0 = Debug|x64
		{1CD699F4-AC1F-303B-AD44-8D281DD6D7D7}.Release|x64.ActiveCfg = Release|x64
		{1CD699F4-AC1F-303B-AD44-8D281DD6D7D7}.Release|x64.Build.0 = Release|x64
		{8FEFBC49-D0E8-37E0-A75D-DE32008C5E30}.Debug|x64.ActiveCfg = Debug|x64
		{8FEFBC49-D0E8-37E0-A75D-DE32008C5E30}.Debug|x64.Build.0 = Debug|x64
		{8FEFBC49-D0E8-37E0-A75D-DE32008C5E30}.Release|x64.ActiveCfg = Release|x64
		{8FEFBC49-D0E8-37E0-A75D-DE32008C5E30}.Release|x64.Build.0 = Release|x64
		{E126AE82-6A99-3588-A635-A016C865D328}.Debug|x64.ActiveCfg = Debug|x64
		{E126AE82-6A99-3588-A635-A016C865D328}.Debug|x64.Build.0 = Debug|x64
		{E126AE82-6A99-3588-A635-A016C865D328}.Release|x64.ActiveCfg = Release|x64
		{E126AE82-6A99-3588-A635-A016C865D328}.Release|x64.Build.0 = Release|x64
		{EDCF42D5-095D-3527-A4BC-C79B327986C1}.Debug|x64.ActiveCfg = Debug|x64
		{EDCF42D5-095D-3527-A4BC-C79B327986C1}.Debug|x64.Build.0 = Debug|x64
		{EDCF42D5-095D-3527-A4BC-C79B327986C1}.Release|x64.ActiveCfg = Release|x64
		{EDCF42D5-095D-3527-A4BC-C79B327986C1}.Release|x64.Build.0 = Release|x64
		{A3D9BA6A-8CFC-36B9-888F-004DE8868E75}.Debug|x64.ActiveCfg = Debug|x64
		{A3D9BA6A-8CFC-36B9-888F-004DE8868E75}.Debug|x64.Build.0 = Debug|x64
		{A3D9BA6A-8CFC-36B9-888F-004DE8868E75}.Release|x64.ActiveCfg = Release|x64
		{A3D9BA6A-8CFC-36B9-888F-004DE8868E75}.Release|x64.Build.0 = Release|x64
		{8DE1C612-26CA-3DB0-BD85-B9D08518EDCB}.Debug|x64.ActiveCfg = Debug|x64
		{8DE1C612-26CA-3DB0-BD85-B9D08518EDCB}.Debug|x64.Build.0 = Debug|x64
		{8DE1C612-26CA-3DB0-BD85-B9D08518EDCB}.Release|x64.ActiveCfg = Release|x64
		{8DE1C612-26CA-3DB0-BD85-B9D08518EDCB}.Release|x64.Build.0 = Release|x64
		{1AFE722E-1498-3FAE-9EC8-3D35E7A09F0D}.Debug|x64.ActiveCfg = Debug|x64
		{1AFE722E-1498-3FAE-9EC8-3D35E7A09F0D}.Debug|x64.Build.0 = Debug|x64
		{1AFE722E-1498-3FAE-9EC8-3D35E7A09F0D}.Release|x64.ActiveCfg = Release|x64
		{1AFE722E-1498-3FAE-9EC8-3D35E7A09F0D}.Release|x64.Build.0 = Release|x64
		{5CFABF29-6513-3A11-98F1-E3D19446E8B2}.Debug|x64.ActiveCfg = Debug|x64
		{5CFABF29-6513-3A11-98F1-E3D19446E8B2}.Debug|x64.Build.0 = Debug|x64
		{5CFABF29-6513-3A11-98F1-E3D19446E8B2}.Release|x64.ActiveCfg = Release|x64
		{5CFABF29-6513-3A11-98F1-E3D19446E8B2}.Release|x64.Build.0 = Release|x64
		{7D6F08A3-10BE-3608-93BE-DB547044D1C0}.Debug|x64.ActiveCfg = Debug|x64
		{7D6F08A3-10BE-3608-93BE-DB547044D1C0}.Debug|x64.Build.0 = Debug|x64
		{7D6F08A3-10BE-3608-93BE-DB547044D1C0}.Release|x64.ActiveCfg = Release|x64
		{7D6F08A3-10BE-3608-93BE-DB547044D1C0}.Release|x64.Build.0 = Release|x64
	EndGlobalSection
	GlobalSection(NestedProjects) = preSolution
		{7D6F08A3-10BE-3608-93BE-DB547044D1C0} = {0FBD5362-2719-38BE-A852-AC51549E59C0}
		{E126AE82-6A99-3588-A635-A016C865D328} = {8D7AEF29-B7A6-320B-8EFD-3C126E159D1D}
		{A3D9BA6A-8CFC-36B9-888F-004DE8868E75} = {8D7AEF29-B7A6-320B-8EFD-3C126E159D1D}
		{8DE1C612-26CA-3DB0-BD85-B9D08518EDCB} = {8D7AEF29-B7A6-320B-8EFD-3C126E159D1D}
		{1AFE722E-1498-3FAE-9EC8-3D35E7A09F0D} = {8D7AEF29-B7A6-320B-8EFD-3C126E159D1D}
		{5CFABF29-6513-3A11-98F1-E3D19446E8B2} = {8D7AEF29-B7A6-320B-8EFD-3C126E159D1D}
		{8FEFBC49-D0E8-37E0-A75D-DE32008C5E30} = {536C2BB8-962D-3ED2-A23F-64F99866702F}
		{23476A89-C02D-3025-9931-6935B728F2AF} = {AC8284A8-3544-3D47-91EC-1C2FDB58E86E}
		{1CD699F4-AC1F-303B-AD44-8D281DD6D7D7} = {AC8284A8-3544-3D47-91EC-1C2FDB58E86E}
		{EDCF42D5-095D-3527-A4BC-C79B327986C1} = {F11F0EAF-1041-32C7-85A8-D0F0BC073A93}
	EndGlobalSection
	GlobalSection(ExtensibilityGlobals) = postSolution
		SolutionGuid = {B345F680-F755-30BD-9D5D-504F4155203E}
	EndGlobalSection
	GlobalSection(ExtensibilityAddIns) = postSolution
	EndGlobalSection
EndGlobal
