<?xml version="1.0" encoding="utf-8"?>
<Project ToolsVersion="17.0" xmlns="http://schemas.microsoft.com/developer/msbuild/2003">
  <ItemGroup>
    <ClCompile Include="C:\Users\Admin\Desktop\VST_SDK\vst3sdk\public.sdk\source\vst\vstsinglecomponenteffect.cpp">
      <Filter>Source Files</Filter>
    </ClCompile>
    <ClCompile Include="C:\Users\Admin\Desktop\VST_SDK\vst3sdk\public.sdk\samples\vst\again\source\againsimple.cpp">
      <Filter>Source Files</Filter>
    </ClCompile>
    <ClCompile Include="C:\Users\Admin\Desktop\VST_SDK\vst3sdk\public.sdk\source\main\dllmain.cpp">
      <Filter>Source Files</Filter>
    </ClCompile>
  </ItemGroup>
  <ItemGroup>
    <ClInclude Include="C:\Users\Admin\Desktop\VST_SDK\vst3sdk\public.sdk\source\vst\vstsinglecomponenteffect.h">
      <Filter>Header Files</Filter>
    </ClInclude>
    <ClInclude Include="C:\Users\Admin\Desktop\VST_SDK\vst3sdk\public.sdk\samples\vst\again\source\againparamids.h">
      <Filter>Header Files</Filter>
    </ClInclude>
    <ClInclude Include="C:\Users\Admin\Desktop\VST_SDK\vst3sdk\public.sdk\samples\vst\again\source\againsimple.h">
      <Filter>Header Files</Filter>
    </ClInclude>
    <ClInclude Include="C:\Users\Admin\Desktop\VST_SDK\vst3sdk\public.sdk\samples\vst\again\source\version.h">
      <Filter>Header Files</Filter>
    </ClInclude>
  </ItemGroup>
  <ItemGroup>
    <CustomBuild Include="C:\Users\Admin\Desktop\VST_SDK\vst3sdk\public.sdk\samples\vst\again\resource\again.uidesc" />
    <CustomBuild Include="C:\Users\Admin\Desktop\VST_SDK\vst3sdk\public.sdk\samples\vst\again\resource\background.png">
      <Filter>Resources</Filter>
    </CustomBuild>
    <CustomBuild Include="C:\Users\Admin\Desktop\VST_SDK\vst3sdk\public.sdk\samples\vst\again\resource\slider_background.png">
      <Filter>Resources</Filter>
    </CustomBuild>
    <CustomBuild Include="C:\Users\Admin\Desktop\VST_SDK\vst3sdk\public.sdk\samples\vst\again\resource\slider_handle.png">
      <Filter>Resources</Filter>
    </CustomBuild>
    <CustomBuild Include="C:\Users\Admin\Desktop\VST_SDK\vst3sdk\public.sdk\samples\vst\again\resource\slider_handle_2.0x.png">
      <Filter>Resources</Filter>
    </CustomBuild>
    <CustomBuild Include="C:\Users\Admin\Desktop\VST_SDK\vst3sdk\public.sdk\samples\vst\again\resource\vu_on.png">
      <Filter>Resources</Filter>
    </CustomBuild>
    <CustomBuild Include="C:\Users\Admin\Desktop\VST_SDK\vst3sdk\public.sdk\samples\vst\again\resource\vu_off.png">
      <Filter>Resources</Filter>
    </CustomBuild>
    <CustomBuild Include="C:\Users\Admin\Desktop\VST_SDK\vst3sdk\public.sdk\samples\vst\again\CMakeLists.txt" />
  </ItemGroup>
  <ItemGroup>
    <ResourceCompile Include="C:\Users\Admin\Desktop\VST_SDK\vst3sdk\public.sdk\samples\vst\again\resource\again.rc">
      <Filter>Source Files</Filter>
    </ResourceCompile>
  </ItemGroup>
  <ItemGroup>
    <Filter Include="Header Files">
      <UniqueIdentifier>{792558B2-326B-3532-8F41-CC8F23963F04}</UniqueIdentifier>
    </Filter>
    <Filter Include="Resources">
      <UniqueIdentifier>{475CDA1B-1B92-3367-BD40-99C925A96EC9}</UniqueIdentifier>
    </Filter>
    <Filter Include="Source Files">
      <UniqueIdentifier>{43FB09C0-708F-312F-A494-F6766ED50C1D}</UniqueIdentifier>
    </Filter>
  </ItemGroup>
</Project>
